// !$*UTF8*$!
{
	archiveVersion = 1;
	classes = {
	};
	objectVersion = 56;
	objects = {

/* Begin PBXBuildFile section */
		320B21352B766B7A00A39ECB /* GenericItemView.swift in Sources */ = {isa = PBXBuildFile; fileRef = 320B21342B766B7A00A39ECB /* GenericItemView.swift */; };
		320B21372B7670AE00A39ECB /* CurrentLocationProvider.swift in Sources */ = {isa = PBXBuildFile; fileRef = 320B21362B7670AE00A39ECB /* CurrentLocationProvider.swift */; };
		320B21392B76751400A39ECB /* LocationItem.swift in Sources */ = {isa = PBXBuildFile; fileRef = 320B21382B76751400A39ECB /* LocationItem.swift */; };
		3291FE682B767EDF00DB1673 /* Canvas.swift in Sources */ = {isa = PBXBuildFile; fileRef = 3291FE672B767EDF00DB1673 /* Canvas.swift */; };
		3291FE6A2B76830400DB1673 /* ItemDefaults.swift in Sources */ = {isa = PBXBuildFile; fileRef = 3291FE692B76830400DB1673 /* ItemDefaults.swift */; };
		32A7D8A82B6BAD5200FFBDCE /* WorkbenchApp.swift in Sources */ = {isa = PBXBuildFile; fileRef = 32A7D8A72B6BAD5200FFBDCE /* WorkbenchApp.swift */; };
		32A7D8AA2B6BAD5200FFBDCE /* ContentView.swift in Sources */ = {isa = PBXBuildFile; fileRef = 32A7D8A92B6BAD5200FFBDCE /* ContentView.swift */; };
		32A7D8AE2B6BAD5600FFBDCE /* Assets.xcassets in Resources */ = {isa = PBXBuildFile; fileRef = 32A7D8AD2B6BAD5600FFBDCE /* Assets.xcassets */; };
		32A7D8B22B6BAD5600FFBDCE /* Preview Assets.xcassets in Resources */ = {isa = PBXBuildFile; fileRef = 32A7D8B12B6BAD5600FFBDCE /* Preview Assets.xcassets */; };
		32A7D8BA2B6BAF7400FFBDCE /* Folio.swift in Sources */ = {isa = PBXBuildFile; fileRef = 32A7D8B92B6BAF7400FFBDCE /* Folio.swift */; };
		32A7D8BC2B6BAFB000FFBDCE /* VCCheckbox.swift in Sources */ = {isa = PBXBuildFile; fileRef = 32A7D8942B65072F00FFBDCE /* VCCheckbox.swift */; };
		32A7D8BD2B6BAFB000FFBDCE /* TodoItem.swift in Sources */ = {isa = PBXBuildFile; fileRef = 32A7D88C2B65050100FFBDCE /* TodoItem.swift */; };
		32A7D8BE2B6BAFB000FFBDCE /* ItemRow.swift in Sources */ = {isa = PBXBuildFile; fileRef = 32A7D89A2B651C2E00FFBDCE /* ItemRow.swift */; };
		32A7D8BF2B6BAFB000FFBDCE /* VCLink.swift in Sources */ = {isa = PBXBuildFile; fileRef = 32A7D8962B650B9F00FFBDCE /* VCLink.swift */; };
		32A7D8C02B6BAFB000FFBDCE /* RefRow.swift in Sources */ = {isa = PBXBuildFile; fileRef = 32A7D8982B6517A400FFBDCE /* RefRow.swift */; };
		32A7D8C12B6BAFB000FFBDCE /* PromptInput.swift in Sources */ = {isa = PBXBuildFile; fileRef = 32DF62CA2B5EE7B600F5314D /* PromptInput.swift */; };
		32A7D8C22B6BAFB000FFBDCE /* RefList.swift in Sources */ = {isa = PBXBuildFile; fileRef = 32DF62D02B5EEC9500F5314D /* RefList.swift */; };
		32A7D8C32B6BAFB000FFBDCE /* LinkItem.swift in Sources */ = {isa = PBXBuildFile; fileRef = 32A7D88E2B65050600FFBDCE /* LinkItem.swift */; };
		32A7D8C42B6BAFB000FFBDCE /* NoteItem.swift in Sources */ = {isa = PBXBuildFile; fileRef = 32A7D88A2B6502B100FFBDCE /* NoteItem.swift */; };
		32A7D8C52B6BAFB000FFBDCE /* ItemView.swift in Sources */ = {isa = PBXBuildFile; fileRef = 32A7D8882B64FE6F00FFBDCE /* ItemView.swift */; };
		32A7D8C62B6BAFB000FFBDCE /* VCText.swift in Sources */ = {isa = PBXBuildFile; fileRef = 32A7D8922B65059A00FFBDCE /* VCText.swift */; };
		32A7D8C72B6BAFBF00FFBDCE /* Fact.swift in Sources */ = {isa = PBXBuildFile; fileRef = 320ACBC82B3C4662000AB37D /* Fact.swift */; };
		32A7D8C82B6BAFBF00FFBDCE /* ItemDrive.swift in Sources */ = {isa = PBXBuildFile; fileRef = 320ACBC92B3C4662000AB37D /* ItemDrive.swift */; };
		32A7D8C92B6BAFBF00FFBDCE /* ItemStore.swift in Sources */ = {isa = PBXBuildFile; fileRef = 320ACBCA2B3C4662000AB37D /* ItemStore.swift */; };
		32A7D8CA2B6BAFBF00FFBDCE /* SLDrive.swift in Sources */ = {isa = PBXBuildFile; fileRef = 320ACBC42B3C4662000AB37D /* SLDrive.swift */; };
		32A7D8CB2B6BAFBF00FFBDCE /* Helpers.swift in Sources */ = {isa = PBXBuildFile; fileRef = 320ACBC12B3C4662000AB37D /* Helpers.swift */; };
		32A7D8CC2B6BAFBF00FFBDCE /* CKDrive.swift in Sources */ = {isa = PBXBuildFile; fileRef = 320ACBC22B3C4662000AB37D /* CKDrive.swift */; };
		32A7D8CD2B6BAFBF00FFBDCE /* ItemStoreSubscriber.swift in Sources */ = {isa = PBXBuildFile; fileRef = 320ACBC52B3C4662000AB37D /* ItemStoreSubscriber.swift */; };
		32A7D8CE2B6BAFCE00FFBDCE /* istypes.c in Sources */ = {isa = PBXBuildFile; fileRef = 32A7D89E2B695F1F00FFBDCE /* istypes.c */; };
		32A7D8CF2B6BAFCE00FFBDCE /* itemstore.c in Sources */ = {isa = PBXBuildFile; fileRef = 32D1E82A2B3EF5D600ED318B /* itemstore.c */; };
		32A7D8D02B6BAFCE00FFBDCE /* sldrive.c in Sources */ = {isa = PBXBuildFile; fileRef = 320ACBC32B3C4662000AB37D /* sldrive.c */; };
		32A7D8DE2B6BFF3C00FFBDCE /* FactExplorer.swift in Sources */ = {isa = PBXBuildFile; fileRef = 32A7D8DD2B6BFF3C00FFBDCE /* FactExplorer.swift */; };
		32B717BE2B6C107C00E9CBA4 /* ItemExplorer.swift in Sources */ = {isa = PBXBuildFile; fileRef = 32B717BD2B6C107C00E9CBA4 /* ItemExplorer.swift */; };
		32B717C02B6C1BA900E9CBA4 /* DraftingTable.swift in Sources */ = {isa = PBXBuildFile; fileRef = 32B717BF2B6C1BA900E9CBA4 /* DraftingTable.swift */; };
		32B717C22B6D456C00E9CBA4 /* Timeline.swift in Sources */ = {isa = PBXBuildFile; fileRef = 32B717C12B6D456C00E9CBA4 /* Timeline.swift */; };
		32B717E72B6EC0DE00E9CBA4 /* VCTimestampText.swift in Sources */ = {isa = PBXBuildFile; fileRef = 32B717E62B6EC0DE00E9CBA4 /* VCTimestampText.swift */; };
		32B718122B6FF9D000E9CBA4 /* RefCanvas.swift in Sources */ = {isa = PBXBuildFile; fileRef = 32B718112B6FF9D000E9CBA4 /* RefCanvas.swift */; };
		32B7182E2B700E3800E9CBA4 /* RefPositionedNode.swift in Sources */ = {isa = PBXBuildFile; fileRef = 32B7182D2B700E3800E9CBA4 /* RefPositionedNode.swift */; };
		32B718312B700E4000E9CBA4 /* RefHeader.swift in Sources */ = {isa = PBXBuildFile; fileRef = 32B718302B700E3F00E9CBA4 /* RefHeader.swift */; };
		32B718372B71310700E9CBA4 /* RefView.swift in Sources */ = {isa = PBXBuildFile; fileRef = 32B718362B71310700E9CBA4 /* RefView.swift */; };
		32B7183A2B71378600E9CBA4 /* VCTextInput.swift in Sources */ = {isa = PBXBuildFile; fileRef = 32B718392B71378600E9CBA4 /* VCTextInput.swift */; };
		32B7183D2B7139D800E9CBA4 /* VCTextMultilineInput.swift in Sources */ = {isa = PBXBuildFile; fileRef = 32B7183C2B7139D800E9CBA4 /* VCTextMultilineInput.swift */; };
		32B718402B71693E00E9CBA4 /* ItemSelector.swift in Sources */ = {isa = PBXBuildFile; fileRef = 32B7183F2B71693E00E9CBA4 /* ItemSelector.swift */; };
		32B718432B7198E900E9CBA4 /* EventsProvider.swift in Sources */ = {isa = PBXBuildFile; fileRef = 32B718422B7198E900E9CBA4 /* EventsProvider.swift */; };
		32B718492B719BA400E9CBA4 /* ItemInfo.swift in Sources */ = {isa = PBXBuildFile; fileRef = 32B718482B719BA400E9CBA4 /* ItemInfo.swift */; };
		32B7184F2B752FF600E9CBA4 /* Agenda.swift in Sources */ = {isa = PBXBuildFile; fileRef = 32B7184E2B752FF600E9CBA4 /* Agenda.swift */; };
		32B718522B753F4100E9CBA4 /* EventItem.swift in Sources */ = {isa = PBXBuildFile; fileRef = 32B718512B753F4100E9CBA4 /* EventItem.swift */; };
/* End PBXBuildFile section */

/* Begin PBXFileReference section */
		320ACBC12B3C4662000AB37D /* Helpers.swift */ = {isa = PBXFileReference; fileEncoding = 4; lastKnownFileType = sourcecode.swift; path = Helpers.swift; sourceTree = "<group>"; };
		320ACBC22B3C4662000AB37D /* CKDrive.swift */ = {isa = PBXFileReference; fileEncoding = 4; lastKnownFileType = sourcecode.swift; path = CKDrive.swift; sourceTree = "<group>"; };
		320ACBC32B3C4662000AB37D /* sldrive.c */ = {isa = PBXFileReference; fileEncoding = 4; lastKnownFileType = sourcecode.c.c; path = sldrive.c; sourceTree = "<group>"; };
		320ACBC42B3C4662000AB37D /* SLDrive.swift */ = {isa = PBXFileReference; fileEncoding = 4; lastKnownFileType = sourcecode.swift; path = SLDrive.swift; sourceTree = "<group>"; };
		320ACBC52B3C4662000AB37D /* ItemStoreSubscriber.swift */ = {isa = PBXFileReference; fileEncoding = 4; lastKnownFileType = sourcecode.swift; path = ItemStoreSubscriber.swift; sourceTree = "<group>"; };
		320ACBC62B3C4662000AB37D /* sldrive.h */ = {isa = PBXFileReference; fileEncoding = 4; lastKnownFileType = sourcecode.c.h; path = sldrive.h; sourceTree = "<group>"; };
		320ACBC82B3C4662000AB37D /* Fact.swift */ = {isa = PBXFileReference; fileEncoding = 4; lastKnownFileType = sourcecode.swift; path = Fact.swift; sourceTree = "<group>"; };
		320ACBC92B3C4662000AB37D /* ItemDrive.swift */ = {isa = PBXFileReference; fileEncoding = 4; lastKnownFileType = sourcecode.swift; path = ItemDrive.swift; sourceTree = "<group>"; };
		320ACBCA2B3C4662000AB37D /* ItemStore.swift */ = {isa = PBXFileReference; fileEncoding = 4; lastKnownFileType = sourcecode.swift; path = ItemStore.swift; sourceTree = "<group>"; };
		320ACBF02B3C5115000AB37D /* storeRuntime.h */ = {isa = PBXFileReference; lastKnownFileType = sourcecode.c.h; path = storeRuntime.h; sourceTree = "<group>"; };
		320ACBF12B3C5115000AB37D /* storeRuntime.c */ = {isa = PBXFileReference; lastKnownFileType = sourcecode.c.c; path = storeRuntime.c; sourceTree = "<group>"; };
		320B21342B766B7A00A39ECB /* GenericItemView.swift */ = {isa = PBXFileReference; lastKnownFileType = sourcecode.swift; path = GenericItemView.swift; sourceTree = "<group>"; };
		320B21362B7670AE00A39ECB /* CurrentLocationProvider.swift */ = {isa = PBXFileReference; lastKnownFileType = sourcecode.swift; path = CurrentLocationProvider.swift; sourceTree = "<group>"; };
		320B21382B76751400A39ECB /* LocationItem.swift */ = {isa = PBXFileReference; lastKnownFileType = sourcecode.swift; path = LocationItem.swift; sourceTree = "<group>"; };
		326EEC112B5E712E002F8FA0 /* CloudKit.framework */ = {isa = PBXFileReference; lastKnownFileType = wrapper.framework; name = CloudKit.framework; path = Platforms/iPhoneOS.platform/Developer/SDKs/iPhoneOS17.0.sdk/System/Library/Frameworks/CloudKit.framework; sourceTree = DEVELOPER_DIR; };
		3291FE672B767EDF00DB1673 /* Canvas.swift */ = {isa = PBXFileReference; lastKnownFileType = sourcecode.swift; path = Canvas.swift; sourceTree = "<group>"; };
		3291FE692B76830400DB1673 /* ItemDefaults.swift */ = {isa = PBXFileReference; lastKnownFileType = sourcecode.swift; path = ItemDefaults.swift; sourceTree = "<group>"; };
		32A7D8882B64FE6F00FFBDCE /* ItemView.swift */ = {isa = PBXFileReference; lastKnownFileType = sourcecode.swift; path = ItemView.swift; sourceTree = "<group>"; };
		32A7D88A2B6502B100FFBDCE /* NoteItem.swift */ = {isa = PBXFileReference; lastKnownFileType = sourcecode.swift; path = NoteItem.swift; sourceTree = "<group>"; };
		32A7D88C2B65050100FFBDCE /* TodoItem.swift */ = {isa = PBXFileReference; lastKnownFileType = sourcecode.swift; path = TodoItem.swift; sourceTree = "<group>"; };
		32A7D88E2B65050600FFBDCE /* LinkItem.swift */ = {isa = PBXFileReference; lastKnownFileType = sourcecode.swift; path = LinkItem.swift; sourceTree = "<group>"; };
		32A7D8922B65059A00FFBDCE /* VCText.swift */ = {isa = PBXFileReference; lastKnownFileType = sourcecode.swift; path = VCText.swift; sourceTree = "<group>"; };
		32A7D8942B65072F00FFBDCE /* VCCheckbox.swift */ = {isa = PBXFileReference; lastKnownFileType = sourcecode.swift; path = VCCheckbox.swift; sourceTree = "<group>"; };
		32A7D8962B650B9F00FFBDCE /* VCLink.swift */ = {isa = PBXFileReference; lastKnownFileType = sourcecode.swift; path = VCLink.swift; sourceTree = "<group>"; };
		32A7D8982B6517A400FFBDCE /* RefRow.swift */ = {isa = PBXFileReference; lastKnownFileType = sourcecode.swift; path = RefRow.swift; sourceTree = "<group>"; };
		32A7D89A2B651C2E00FFBDCE /* ItemRow.swift */ = {isa = PBXFileReference; lastKnownFileType = sourcecode.swift; path = ItemRow.swift; sourceTree = "<group>"; };
		32A7D89C2B6953E000FFBDCE /* notes.md */ = {isa = PBXFileReference; lastKnownFileType = net.daringfireball.markdown; path = notes.md; sourceTree = "<group>"; };
		32A7D89D2B695F1F00FFBDCE /* istypes.h */ = {isa = PBXFileReference; lastKnownFileType = sourcecode.c.h; path = istypes.h; sourceTree = "<group>"; };
		32A7D89E2B695F1F00FFBDCE /* istypes.c */ = {isa = PBXFileReference; lastKnownFileType = sourcecode.c.c; path = istypes.c; sourceTree = "<group>"; };
		32A7D8A52B6BAD5200FFBDCE /* Workbench.app */ = {isa = PBXFileReference; explicitFileType = wrapper.application; includeInIndex = 0; path = Workbench.app; sourceTree = BUILT_PRODUCTS_DIR; };
		32A7D8A72B6BAD5200FFBDCE /* WorkbenchApp.swift */ = {isa = PBXFileReference; lastKnownFileType = sourcecode.swift; path = WorkbenchApp.swift; sourceTree = "<group>"; };
		32A7D8A92B6BAD5200FFBDCE /* ContentView.swift */ = {isa = PBXFileReference; lastKnownFileType = sourcecode.swift; path = ContentView.swift; sourceTree = "<group>"; };
		32A7D8AD2B6BAD5600FFBDCE /* Assets.xcassets */ = {isa = PBXFileReference; lastKnownFileType = folder.assetcatalog; path = Assets.xcassets; sourceTree = "<group>"; };
		32A7D8AF2B6BAD5600FFBDCE /* Workbench.entitlements */ = {isa = PBXFileReference; lastKnownFileType = text.plist.entitlements; path = Workbench.entitlements; sourceTree = "<group>"; };
		32A7D8B12B6BAD5600FFBDCE /* Preview Assets.xcassets */ = {isa = PBXFileReference; lastKnownFileType = folder.assetcatalog; path = "Preview Assets.xcassets"; sourceTree = "<group>"; };
		32A7D8B32B6BAD5600FFBDCE /* Info.plist */ = {isa = PBXFileReference; lastKnownFileType = text.plist.xml; path = Info.plist; sourceTree = "<group>"; };
		32A7D8B92B6BAF7400FFBDCE /* Folio.swift */ = {isa = PBXFileReference; lastKnownFileType = sourcecode.swift; path = Folio.swift; sourceTree = "<group>"; };
		32A7D8DC2B6BB61200FFBDCE /* Workbench-Bridging-Header.h */ = {isa = PBXFileReference; lastKnownFileType = sourcecode.c.h; path = "Workbench-Bridging-Header.h"; sourceTree = "<group>"; };
		32A7D8DD2B6BFF3C00FFBDCE /* FactExplorer.swift */ = {isa = PBXFileReference; lastKnownFileType = sourcecode.swift; path = FactExplorer.swift; sourceTree = "<group>"; };
		32B717BD2B6C107C00E9CBA4 /* ItemExplorer.swift */ = {isa = PBXFileReference; lastKnownFileType = sourcecode.swift; path = ItemExplorer.swift; sourceTree = "<group>"; };
		32B717BF2B6C1BA900E9CBA4 /* DraftingTable.swift */ = {isa = PBXFileReference; lastKnownFileType = sourcecode.swift; path = DraftingTable.swift; sourceTree = "<group>"; };
		32B717C12B6D456C00E9CBA4 /* Timeline.swift */ = {isa = PBXFileReference; lastKnownFileType = sourcecode.swift; path = Timeline.swift; sourceTree = "<group>"; };
		32B717E62B6EC0DE00E9CBA4 /* VCTimestampText.swift */ = {isa = PBXFileReference; lastKnownFileType = sourcecode.swift; path = VCTimestampText.swift; sourceTree = "<group>"; };
		32B718112B6FF9D000E9CBA4 /* RefCanvas.swift */ = {isa = PBXFileReference; lastKnownFileType = sourcecode.swift; path = RefCanvas.swift; sourceTree = "<group>"; };
		32B7182D2B700E3800E9CBA4 /* RefPositionedNode.swift */ = {isa = PBXFileReference; lastKnownFileType = sourcecode.swift; path = RefPositionedNode.swift; sourceTree = "<group>"; };
		32B718302B700E3F00E9CBA4 /* RefHeader.swift */ = {isa = PBXFileReference; lastKnownFileType = sourcecode.swift; path = RefHeader.swift; sourceTree = "<group>"; };
		32B718362B71310700E9CBA4 /* RefView.swift */ = {isa = PBXFileReference; lastKnownFileType = sourcecode.swift; path = RefView.swift; sourceTree = "<group>"; };
		32B718392B71378600E9CBA4 /* VCTextInput.swift */ = {isa = PBXFileReference; lastKnownFileType = sourcecode.swift; path = VCTextInput.swift; sourceTree = "<group>"; };
		32B7183C2B7139D800E9CBA4 /* VCTextMultilineInput.swift */ = {isa = PBXFileReference; lastKnownFileType = sourcecode.swift; path = VCTextMultilineInput.swift; sourceTree = "<group>"; };
		32B7183F2B71693E00E9CBA4 /* ItemSelector.swift */ = {isa = PBXFileReference; lastKnownFileType = sourcecode.swift; path = ItemSelector.swift; sourceTree = "<group>"; };
		32B718422B7198E900E9CBA4 /* EventsProvider.swift */ = {isa = PBXFileReference; lastKnownFileType = sourcecode.swift; path = EventsProvider.swift; sourceTree = "<group>"; };
		32B718482B719BA400E9CBA4 /* ItemInfo.swift */ = {isa = PBXFileReference; lastKnownFileType = sourcecode.swift; path = ItemInfo.swift; sourceTree = "<group>"; };
		32B7184E2B752FF600E9CBA4 /* Agenda.swift */ = {isa = PBXFileReference; lastKnownFileType = sourcecode.swift; path = Agenda.swift; sourceTree = "<group>"; };
		32B718512B753F4100E9CBA4 /* EventItem.swift */ = {isa = PBXFileReference; lastKnownFileType = sourcecode.swift; path = EventItem.swift; sourceTree = "<group>"; };
		32B718542B76270A00E9CBA4 /* README.md */ = {isa = PBXFileReference; lastKnownFileType = net.daringfireball.markdown; path = README.md; sourceTree = "<group>"; };
		32D1E8292B3EF5D600ED318B /* itemstore.h */ = {isa = PBXFileReference; lastKnownFileType = sourcecode.c.h; path = itemstore.h; sourceTree = "<group>"; };
		32D1E82A2B3EF5D600ED318B /* itemstore.c */ = {isa = PBXFileReference; lastKnownFileType = sourcecode.c.c; path = itemstore.c; sourceTree = "<group>"; };
		32DF62CA2B5EE7B600F5314D /* PromptInput.swift */ = {isa = PBXFileReference; lastKnownFileType = sourcecode.swift; path = PromptInput.swift; sourceTree = "<group>"; };
		32DF62D02B5EEC9500F5314D /* RefList.swift */ = {isa = PBXFileReference; lastKnownFileType = sourcecode.swift; path = RefList.swift; sourceTree = "<group>"; };
/* End PBXFileReference section */

/* Begin PBXFrameworksBuildPhase section */
		32A7D8A22B6BAD5200FFBDCE /* Frameworks */ = {
			isa = PBXFrameworksBuildPhase;
			buildActionMask = 2147483647;
			files = (
			);
			runOnlyForDeploymentPostprocessing = 0;
		};
/* End PBXFrameworksBuildPhase section */

/* Begin PBXGroup section */
		320ACBC02B3C4662000AB37D /* ItemStore - C */ = {
			isa = PBXGroup;
			children = (
				32A7D89D2B695F1F00FFBDCE /* istypes.h */,
				32A7D89E2B695F1F00FFBDCE /* istypes.c */,
				32D1E8292B3EF5D600ED318B /* itemstore.h */,
				32D1E82A2B3EF5D600ED318B /* itemstore.c */,
				320ACBC62B3C4662000AB37D /* sldrive.h */,
				320ACBC32B3C4662000AB37D /* sldrive.c */,
				320ACBF02B3C5115000AB37D /* storeRuntime.h */,
				320ACBF12B3C5115000AB37D /* storeRuntime.c */,
				32A7D89C2B6953E000FFBDCE /* notes.md */,
			);
			path = "ItemStore - C";
			sourceTree = "<group>";
		};
		326B94862B3873F100754434 /* Frameworks */ = {
			isa = PBXGroup;
			children = (
				326EEC112B5E712E002F8FA0 /* CloudKit.framework */,
			);
			name = Frameworks;
			sourceTree = "<group>";
		};
		32A7D8872B64FC0000FFBDCE /* ItemStore - Swift */ = {
			isa = PBXGroup;
			children = (
				320ACBCA2B3C4662000AB37D /* ItemStore.swift */,
				320ACBC92B3C4662000AB37D /* ItemDrive.swift */,
				320ACBC22B3C4662000AB37D /* CKDrive.swift */,
				320ACBC42B3C4662000AB37D /* SLDrive.swift */,
				320ACBC82B3C4662000AB37D /* Fact.swift */,
				320ACBC52B3C4662000AB37D /* ItemStoreSubscriber.swift */,
				320ACBC12B3C4662000AB37D /* Helpers.swift */,
			);
			path = "ItemStore - Swift";
			sourceTree = "<group>";
		};
		32A7D8902B65057B00FFBDCE /* Item Defaults */ = {
			isa = PBXGroup;
			children = (
				3291FE692B76830400DB1673 /* ItemDefaults.swift */,
				32A7D88A2B6502B100FFBDCE /* NoteItem.swift */,
				32A7D88E2B65050600FFBDCE /* LinkItem.swift */,
				32A7D88C2B65050100FFBDCE /* TodoItem.swift */,
				32B718512B753F4100E9CBA4 /* EventItem.swift */,
				320B21382B76751400A39ECB /* LocationItem.swift */,
				320B21342B766B7A00A39ECB /* GenericItemView.swift */,
			);
			path = "Item Defaults";
			sourceTree = "<group>";
		};
		32A7D8912B65058500FFBDCE /* Views */ = {
			isa = PBXGroup;
			children = (
				32DF62CA2B5EE7B600F5314D /* PromptInput.swift */,
				32DF62D02B5EEC9500F5314D /* RefList.swift */,
				32A7D8982B6517A400FFBDCE /* RefRow.swift */,
				32A7D89A2B651C2E00FFBDCE /* ItemRow.swift */,
				32A7D8882B64FE6F00FFBDCE /* ItemView.swift */,
				32B718112B6FF9D000E9CBA4 /* RefCanvas.swift */,
				32B7182D2B700E3800E9CBA4 /* RefPositionedNode.swift */,
				32B718302B700E3F00E9CBA4 /* RefHeader.swift */,
				32B718362B71310700E9CBA4 /* RefView.swift */,
				32B7183F2B71693E00E9CBA4 /* ItemSelector.swift */,
				32B718482B719BA400E9CBA4 /* ItemInfo.swift */,
				32A7D8922B65059A00FFBDCE /* VCText.swift */,
				32B718392B71378600E9CBA4 /* VCTextInput.swift */,
				32B7183C2B7139D800E9CBA4 /* VCTextMultilineInput.swift */,
				32B717E62B6EC0DE00E9CBA4 /* VCTimestampText.swift */,
				32A7D8942B65072F00FFBDCE /* VCCheckbox.swift */,
				32A7D8962B650B9F00FFBDCE /* VCLink.swift */,
			);
			path = Views;
			sourceTree = "<group>";
		};
		32A7D8A62B6BAD5200FFBDCE /* Workbench */ = {
			isa = PBXGroup;
			children = (
				32A7D8A72B6BAD5200FFBDCE /* WorkbenchApp.swift */,
				32A7D8A92B6BAD5200FFBDCE /* ContentView.swift */,
				32A7D8902B65057B00FFBDCE /* Item Defaults */,
				32A7D8912B65058500FFBDCE /* Views */,
				32A7D8B72B6BAD6D00FFBDCE /* Apps */,
				32A7D8B82B6BAD7400FFBDCE /* Providers */,
				32A7D8DC2B6BB61200FFBDCE /* Workbench-Bridging-Header.h */,
				32A7D8AD2B6BAD5600FFBDCE /* Assets.xcassets */,
				32A7D8AF2B6BAD5600FFBDCE /* Workbench.entitlements */,
				32A7D8B32B6BAD5600FFBDCE /* Info.plist */,
				32A7D8B02B6BAD5600FFBDCE /* Preview Content */,
			);
			path = Workbench;
			sourceTree = "<group>";
		};
		32A7D8B02B6BAD5600FFBDCE /* Preview Content */ = {
			isa = PBXGroup;
			children = (
				32A7D8B12B6BAD5600FFBDCE /* Preview Assets.xcassets */,
			);
			path = "Preview Content";
			sourceTree = "<group>";
		};
		32A7D8B72B6BAD6D00FFBDCE /* Apps */ = {
			isa = PBXGroup;
			children = (
				32A7D8B92B6BAF7400FFBDCE /* Folio.swift */,
				32B717BF2B6C1BA900E9CBA4 /* DraftingTable.swift */,
				32B717C12B6D456C00E9CBA4 /* Timeline.swift */,
				32A7D8DD2B6BFF3C00FFBDCE /* FactExplorer.swift */,
				32B717BD2B6C107C00E9CBA4 /* ItemExplorer.swift */,
				32B7184E2B752FF600E9CBA4 /* Agenda.swift */,
				3291FE672B767EDF00DB1673 /* Canvas.swift */,
			);
			path = Apps;
			sourceTree = "<group>";
		};
		32A7D8B82B6BAD7400FFBDCE /* Providers */ = {
			isa = PBXGroup;
			children = (
				32B718422B7198E900E9CBA4 /* EventsProvider.swift */,
				320B21362B7670AE00A39ECB /* CurrentLocationProvider.swift */,
			);
			path = Providers;
			sourceTree = "<group>";
		};
		32B262FD2B33A58B00755215 = {
			isa = PBXGroup;
			children = (
				32B718542B76270A00E9CBA4 /* README.md */,
				320ACBC02B3C4662000AB37D /* ItemStore - C */,
				32A7D8872B64FC0000FFBDCE /* ItemStore - Swift */,
				32A7D8A62B6BAD5200FFBDCE /* Workbench */,
				32B263072B33A58B00755215 /* Products */,
				326B94862B3873F100754434 /* Frameworks */,
			);
			sourceTree = "<group>";
		};
		32B263072B33A58B00755215 /* Products */ = {
			isa = PBXGroup;
			children = (
				32A7D8A52B6BAD5200FFBDCE /* Workbench.app */,
			);
			name = Products;
			sourceTree = "<group>";
		};
/* End PBXGroup section */

/* Begin PBXNativeTarget section */
		32A7D8A42B6BAD5200FFBDCE /* Workbench */ = {
			isa = PBXNativeTarget;
			buildConfigurationList = 32A7D8B42B6BAD5600FFBDCE /* Build configuration list for PBXNativeTarget "Workbench" */;
			buildPhases = (
				32A7D8A12B6BAD5200FFBDCE /* Sources */,
				32A7D8A22B6BAD5200FFBDCE /* Frameworks */,
				32A7D8A32B6BAD5200FFBDCE /* Resources */,
			);
			buildRules = (
			);
			dependencies = (
			);
			name = Workbench;
			productName = Pip;
			productReference = 32A7D8A52B6BAD5200FFBDCE /* Workbench.app */;
			productType = "com.apple.product-type.application";
		};
/* End PBXNativeTarget section */

/* Begin PBXProject section */
		32B262FE2B33A58B00755215 /* Project object */ = {
			isa = PBXProject;
			attributes = {
				BuildIndependentTargetsInParallel = 1;
				LastSwiftUpdateCheck = 1500;
				LastUpgradeCheck = 1500;
				TargetAttributes = {
					32A7D8A42B6BAD5200FFBDCE = {
						CreatedOnToolsVersion = 15.0.1;
					};
				};
			};
			buildConfigurationList = 32B263012B33A58B00755215 /* Build configuration list for PBXProject "Wonder" */;
			compatibilityVersion = "Xcode 14.0";
			developmentRegion = en;
			hasScannedForEncodings = 0;
			knownRegions = (
				en,
				Base,
			);
			mainGroup = 32B262FD2B33A58B00755215;
			productRefGroup = 32B263072B33A58B00755215 /* Products */;
			projectDirPath = "";
			projectRoot = "";
			targets = (
				32A7D8A42B6BAD5200FFBDCE /* Workbench */,
			);
		};
/* End PBXProject section */

/* Begin PBXResourcesBuildPhase section */
		32A7D8A32B6BAD5200FFBDCE /* Resources */ = {
			isa = PBXResourcesBuildPhase;
			buildActionMask = 2147483647;
			files = (
				32A7D8B22B6BAD5600FFBDCE /* Preview Assets.xcassets in Resources */,
				32A7D8AE2B6BAD5600FFBDCE /* Assets.xcassets in Resources */,
			);
			runOnlyForDeploymentPostprocessing = 0;
		};
/* End PBXResourcesBuildPhase section */

/* Begin PBXSourcesBuildPhase section */
		32A7D8A12B6BAD5200FFBDCE /* Sources */ = {
			isa = PBXSourcesBuildPhase;
			buildActionMask = 2147483647;
			files = (
				32A7D8C82B6BAFBF00FFBDCE /* ItemDrive.swift in Sources */,
				32A7D8AA2B6BAD5200FFBDCE /* ContentView.swift in Sources */,
				32A7D8C92B6BAFBF00FFBDCE /* ItemStore.swift in Sources */,
				32B718522B753F4100E9CBA4 /* EventItem.swift in Sources */,
				32A7D8A82B6BAD5200FFBDCE /* WorkbenchApp.swift in Sources */,
				32A7D8DE2B6BFF3C00FFBDCE /* FactExplorer.swift in Sources */,
				32B718122B6FF9D000E9CBA4 /* RefCanvas.swift in Sources */,
				32A7D8CE2B6BAFCE00FFBDCE /* istypes.c in Sources */,
				32B718492B719BA400E9CBA4 /* ItemInfo.swift in Sources */,
				32A7D8C72B6BAFBF00FFBDCE /* Fact.swift in Sources */,
				32B7182E2B700E3800E9CBA4 /* RefPositionedNode.swift in Sources */,
				32A7D8BE2B6BAFB000FFBDCE /* ItemRow.swift in Sources */,
				32B717C22B6D456C00E9CBA4 /* Timeline.swift in Sources */,
				320B21372B7670AE00A39ECB /* CurrentLocationProvider.swift in Sources */,
				32A7D8CF2B6BAFCE00FFBDCE /* itemstore.c in Sources */,
				32B718432B7198E900E9CBA4 /* EventsProvider.swift in Sources */,
				32A7D8D02B6BAFCE00FFBDCE /* sldrive.c in Sources */,
				320B21392B76751400A39ECB /* LocationItem.swift in Sources */,
				32B7183D2B7139D800E9CBA4 /* VCTextMultilineInput.swift in Sources */,
				32B717C02B6C1BA900E9CBA4 /* DraftingTable.swift in Sources */,
				32A7D8CA2B6BAFBF00FFBDCE /* SLDrive.swift in Sources */,
				32B718402B71693E00E9CBA4 /* ItemSelector.swift in Sources */,
				32A7D8CC2B6BAFBF00FFBDCE /* CKDrive.swift in Sources */,
				3291FE682B767EDF00DB1673 /* Canvas.swift in Sources */,
				3291FE6A2B76830400DB1673 /* ItemDefaults.swift in Sources */,
				32B718312B700E4000E9CBA4 /* RefHeader.swift in Sources */,
				32A7D8C22B6BAFB000FFBDCE /* RefList.swift in Sources */,
				32B7184F2B752FF600E9CBA4 /* Agenda.swift in Sources */,
				320B21352B766B7A00A39ECB /* GenericItemView.swift in Sources */,
				32A7D8CD2B6BAFBF00FFBDCE /* ItemStoreSubscriber.swift in Sources */,
				32B718372B71310700E9CBA4 /* RefView.swift in Sources */,
				32A7D8CB2B6BAFBF00FFBDCE /* Helpers.swift in Sources */,
				32B7183A2B71378600E9CBA4 /* VCTextInput.swift in Sources */,
				32A7D8BA2B6BAF7400FFBDCE /* Folio.swift in Sources */,
				32A7D8C42B6BAFB000FFBDCE /* NoteItem.swift in Sources */,
				32B717E72B6EC0DE00E9CBA4 /* VCTimestampText.swift in Sources */,
				32B717BE2B6C107C00E9CBA4 /* ItemExplorer.swift in Sources */,
				32A7D8C32B6BAFB000FFBDCE /* LinkItem.swift in Sources */,
				32A7D8BD2B6BAFB000FFBDCE /* TodoItem.swift in Sources */,
				32A7D8C12B6BAFB000FFBDCE /* PromptInput.swift in Sources */,
				32A7D8C62B6BAFB000FFBDCE /* VCText.swift in Sources */,
				32A7D8BF2B6BAFB000FFBDCE /* VCLink.swift in Sources */,
				32A7D8C52B6BAFB000FFBDCE /* ItemView.swift in Sources */,
				32A7D8BC2B6BAFB000FFBDCE /* VCCheckbox.swift in Sources */,
				32A7D8C02B6BAFB000FFBDCE /* RefRow.swift in Sources */,
			);
			runOnlyForDeploymentPostprocessing = 0;
		};
/* End PBXSourcesBuildPhase section */

/* Begin XCBuildConfiguration section */
		32A7D8B52B6BAD5600FFBDCE /* Debug */ = {
			isa = XCBuildConfiguration;
			buildSettings = {
				ASSETCATALOG_COMPILER_APPICON_NAME = AppIcon;
				ASSETCATALOG_COMPILER_GLOBAL_ACCENT_COLOR_NAME = AccentColor;
				CODE_SIGN_ENTITLEMENTS = Workbench/Workbench.entitlements;
				CODE_SIGN_STYLE = Automatic;
				CURRENT_PROJECT_VERSION = 1;
				DEVELOPMENT_ASSET_PATHS = "\"Workbench/Preview Content\"";
				DEVELOPMENT_TEAM = 5RQ5E5NW65;
				ENABLE_HARDENED_RUNTIME = YES;
				ENABLE_PREVIEWS = YES;
				GENERATE_INFOPLIST_FILE = YES;
				INFOPLIST_FILE = Workbench/Info.plist;
				INFOPLIST_KEY_NSLocationWhenInUseUsageDescription = "Brings your current location into your item store.";
				"INFOPLIST_KEY_UIApplicationSceneManifest_Generation[sdk=iphoneos*]" = YES;
				"INFOPLIST_KEY_UIApplicationSceneManifest_Generation[sdk=iphonesimulator*]" = YES;
				"INFOPLIST_KEY_UIApplicationSupportsIndirectInputEvents[sdk=iphoneos*]" = YES;
				"INFOPLIST_KEY_UIApplicationSupportsIndirectInputEvents[sdk=iphonesimulator*]" = YES;
				"INFOPLIST_KEY_UILaunchScreen_Generation[sdk=iphoneos*]" = YES;
				"INFOPLIST_KEY_UILaunchScreen_Generation[sdk=iphonesimulator*]" = YES;
				"INFOPLIST_KEY_UIStatusBarStyle[sdk=iphoneos*]" = UIStatusBarStyleDefault;
				"INFOPLIST_KEY_UIStatusBarStyle[sdk=iphonesimulator*]" = UIStatusBarStyleDefault;
				INFOPLIST_KEY_UISupportedInterfaceOrientations_iPad = "UIInterfaceOrientationPortrait UIInterfaceOrientationPortraitUpsideDown UIInterfaceOrientationLandscapeLeft UIInterfaceOrientationLandscapeRight";
				INFOPLIST_KEY_UISupportedInterfaceOrientations_iPhone = "UIInterfaceOrientationPortrait UIInterfaceOrientationLandscapeLeft UIInterfaceOrientationLandscapeRight";
				IPHONEOS_DEPLOYMENT_TARGET = 17.0;
				LD_RUNPATH_SEARCH_PATHS = "@executable_path/Frameworks";
				"LD_RUNPATH_SEARCH_PATHS[sdk=macosx*]" = "@executable_path/../Frameworks";
				MACOSX_DEPLOYMENT_TARGET = 14.0;
				MARKETING_VERSION = 1.0;
				PRODUCT_BUNDLE_IDENTIFIER = com.mindsensehq.Workbench;
				PRODUCT_NAME = "$(TARGET_NAME)";
				SDKROOT = auto;
				SUPPORTED_PLATFORMS = "iphoneos iphonesimulator macosx";
				SWIFT_ACTIVE_COMPILATION_CONDITIONS = "CLOUDKIT DEBUG";
				SWIFT_EMIT_LOC_STRINGS = YES;
				SWIFT_OBJC_BRIDGING_HEADER = "Workbench/Workbench-Bridging-Header.h";
				SWIFT_VERSION = 5.0;
				TARGETED_DEVICE_FAMILY = "1,2";
			};
			name = Debug;
		};
		32A7D8B62B6BAD5600FFBDCE /* Release */ = {
			isa = XCBuildConfiguration;
			buildSettings = {
				ASSETCATALOG_COMPILER_APPICON_NAME = AppIcon;
				ASSETCATALOG_COMPILER_GLOBAL_ACCENT_COLOR_NAME = AccentColor;
				CODE_SIGN_ENTITLEMENTS = Workbench/Workbench.entitlements;
				CODE_SIGN_STYLE = Automatic;
				CURRENT_PROJECT_VERSION = 1;
				DEVELOPMENT_ASSET_PATHS = "\"Workbench/Preview Content\"";
				DEVELOPMENT_TEAM = 5RQ5E5NW65;
				ENABLE_HARDENED_RUNTIME = YES;
				ENABLE_PREVIEWS = YES;
				GENERATE_INFOPLIST_FILE = YES;
				INFOPLIST_FILE = Workbench/Info.plist;
				INFOPLIST_KEY_NSLocationWhenInUseUsageDescription = "Brings your current location into your item store.";
				"INFOPLIST_KEY_UIApplicationSceneManifest_Generation[sdk=iphoneos*]" = YES;
				"INFOPLIST_KEY_UIApplicationSceneManifest_Generation[sdk=iphonesimulator*]" = YES;
				"INFOPLIST_KEY_UIApplicationSupportsIndirectInputEvents[sdk=iphoneos*]" = YES;
				"INFOPLIST_KEY_UIApplicationSupportsIndirectInputEvents[sdk=iphonesimulator*]" = YES;
				"INFOPLIST_KEY_UILaunchScreen_Generation[sdk=iphoneos*]" = YES;
				"INFOPLIST_KEY_UILaunchScreen_Generation[sdk=iphonesimulator*]" = YES;
				"INFOPLIST_KEY_UIStatusBarStyle[sdk=iphoneos*]" = UIStatusBarStyleDefault;
				"INFOPLIST_KEY_UIStatusBarStyle[sdk=iphonesimulator*]" = UIStatusBarStyleDefault;
				INFOPLIST_KEY_UISupportedInterfaceOrientations_iPad = "UIInterfaceOrientationPortrait UIInterfaceOrientationPortraitUpsideDown UIInterfaceOrientationLandscapeLeft UIInterfaceOrientationLandscapeRight";
				INFOPLIST_KEY_UISupportedInterfaceOrientations_iPhone = "UIInterfaceOrientationPortrait UIInterfaceOrientationLandscapeLeft UIInterfaceOrientationLandscapeRight";
				IPHONEOS_DEPLOYMENT_TARGET = 17.0;
				LD_RUNPATH_SEARCH_PATHS = "@executable_path/Frameworks";
				"LD_RUNPATH_SEARCH_PATHS[sdk=macosx*]" = "@executable_path/../Frameworks";
				MACOSX_DEPLOYMENT_TARGET = 14.0;
				MARKETING_VERSION = 1.0;
				PRODUCT_BUNDLE_IDENTIFIER = com.mindsensehq.Workbench;
				PRODUCT_NAME = "$(TARGET_NAME)";
				SDKROOT = auto;
				SUPPORTED_PLATFORMS = "iphoneos iphonesimulator macosx";
				SWIFT_ACTIVE_COMPILATION_CONDITIONS = CLOUDKIT;
				SWIFT_EMIT_LOC_STRINGS = YES;
				SWIFT_OBJC_BRIDGING_HEADER = "Workbench/Workbench-Bridging-Header.h";
				SWIFT_VERSION = 5.0;
				TARGETED_DEVICE_FAMILY = "1,2";
			};
			name = Release;
		};
		32B263292B33A58E00755215 /* Debug */ = {
			isa = XCBuildConfiguration;
			buildSettings = {
				ALWAYS_SEARCH_USER_PATHS = NO;
				ASSETCATALOG_COMPILER_GENERATE_SWIFT_ASSET_SYMBOL_EXTENSIONS = YES;
				CLANG_ANALYZER_NONNULL = YES;
				CLANG_ANALYZER_NUMBER_OBJECT_CONVERSION = YES_AGGRESSIVE;
				CLANG_CXX_LANGUAGE_STANDARD = "gnu++20";
				CLANG_ENABLE_MODULES = YES;
				CLANG_ENABLE_OBJC_ARC = YES;
				CLANG_ENABLE_OBJC_WEAK = YES;
				CLANG_WARN_BLOCK_CAPTURE_AUTORELEASING = YES;
				CLANG_WARN_BOOL_CONVERSION = YES;
				CLANG_WARN_COMMA = YES;
				CLANG_WARN_CONSTANT_CONVERSION = YES;
				CLANG_WARN_DEPRECATED_OBJC_IMPLEMENTATIONS = YES;
				CLANG_WARN_DIRECT_OBJC_ISA_USAGE = YES_ERROR;
				CLANG_WARN_DOCUMENTATION_COMMENTS = YES;
				CLANG_WARN_EMPTY_BODY = YES;
				CLANG_WARN_ENUM_CONVERSION = YES;
				CLANG_WARN_INFINITE_RECURSION = YES;
				CLANG_WARN_INT_CONVERSION = YES;
				CLANG_WARN_NON_LITERAL_NULL_CONVERSION = YES;
				CLANG_WARN_OBJC_IMPLICIT_RETAIN_SELF = YES;
				CLANG_WARN_OBJC_LITERAL_CONVERSION = YES;
				CLANG_WARN_OBJC_ROOT_CLASS = YES_ERROR;
				CLANG_WARN_QUOTED_INCLUDE_IN_FRAMEWORK_HEADER = YES;
				CLANG_WARN_RANGE_LOOP_ANALYSIS = YES;
				CLANG_WARN_STRICT_PROTOTYPES = YES;
				CLANG_WARN_SUSPICIOUS_MOVE = YES;
				CLANG_WARN_UNGUARDED_AVAILABILITY = YES_AGGRESSIVE;
				CLANG_WARN_UNREACHABLE_CODE = YES;
				CLANG_WARN__DUPLICATE_METHOD_MATCH = YES;
				COPY_PHASE_STRIP = NO;
				DEBUG_INFORMATION_FORMAT = dwarf;
				ENABLE_STRICT_OBJC_MSGSEND = YES;
				ENABLE_TESTABILITY = YES;
				ENABLE_USER_SCRIPT_SANDBOXING = YES;
				GCC_C_LANGUAGE_STANDARD = gnu17;
				GCC_DYNAMIC_NO_PIC = NO;
				GCC_NO_COMMON_BLOCKS = YES;
				GCC_OPTIMIZATION_LEVEL = 0;
				GCC_PREPROCESSOR_DEFINITIONS = (
					"DEBUG=1",
					"$(inherited)",
				);
				GCC_WARN_64_TO_32_BIT_CONVERSION = YES;
				GCC_WARN_ABOUT_RETURN_TYPE = YES_ERROR;
				GCC_WARN_UNDECLARED_SELECTOR = YES;
				GCC_WARN_UNINITIALIZED_AUTOS = YES_AGGRESSIVE;
				GCC_WARN_UNUSED_FUNCTION = YES;
				GCC_WARN_UNUSED_VARIABLE = YES;
				LOCALIZATION_PREFERS_STRING_CATALOGS = YES;
				MTL_ENABLE_DEBUG_INFO = INCLUDE_SOURCE;
				MTL_FAST_MATH = YES;
				ONLY_ACTIVE_ARCH = YES;
				SWIFT_ACTIVE_COMPILATION_CONDITIONS = "DEBUG $(inherited)";
				SWIFT_OPTIMIZATION_LEVEL = "-Onone";
			};
			name = Debug;
		};
		32B2632A2B33A58E00755215 /* Release */ = {
			isa = XCBuildConfiguration;
			buildSettings = {
				ALWAYS_SEARCH_USER_PATHS = NO;
				ASSETCATALOG_COMPILER_GENERATE_SWIFT_ASSET_SYMBOL_EXTENSIONS = YES;
				CLANG_ANALYZER_NONNULL = YES;
				CLANG_ANALYZER_NUMBER_OBJECT_CONVERSION = YES_AGGRESSIVE;
				CLANG_CXX_LANGUAGE_STANDARD = "gnu++20";
				CLANG_ENABLE_MODULES = YES;
				CLANG_ENABLE_OBJC_ARC = YES;
				CLANG_ENABLE_OBJC_WEAK = YES;
				CLANG_WARN_BLOCK_CAPTURE_AUTORELEASING = YES;
				CLANG_WARN_BOOL_CONVERSION = YES;
				CLANG_WARN_COMMA = YES;
				CLANG_WARN_CONSTANT_CONVERSION = YES;
				CLANG_WARN_DEPRECATED_OBJC_IMPLEMENTATIONS = YES;
				CLANG_WARN_DIRECT_OBJC_ISA_USAGE = YES_ERROR;
				CLANG_WARN_DOCUMENTATION_COMMENTS = YES;
				CLANG_WARN_EMPTY_BODY = YES;
				CLANG_WARN_ENUM_CONVERSION = YES;
				CLANG_WARN_INFINITE_RECURSION = YES;
				CLANG_WARN_INT_CONVERSION = YES;
				CLANG_WARN_NON_LITERAL_NULL_CONVERSION = YES;
				CLANG_WARN_OBJC_IMPLICIT_RETAIN_SELF = YES;
				CLANG_WARN_OBJC_LITERAL_CONVERSION = YES;
				CLANG_WARN_OBJC_ROOT_CLASS = YES_ERROR;
				CLANG_WARN_QUOTED_INCLUDE_IN_FRAMEWORK_HEADER = YES;
				CLANG_WARN_RANGE_LOOP_ANALYSIS = YES;
				CLANG_WARN_STRICT_PROTOTYPES = YES;
				CLANG_WARN_SUSPICIOUS_MOVE = YES;
				CLANG_WARN_UNGUARDED_AVAILABILITY = YES_AGGRESSIVE;
				CLANG_WARN_UNREACHABLE_CODE = YES;
				CLANG_WARN__DUPLICATE_METHOD_MATCH = YES;
				COPY_PHASE_STRIP = NO;
				DEBUG_INFORMATION_FORMAT = "dwarf-with-dsym";
				ENABLE_NS_ASSERTIONS = NO;
				ENABLE_STRICT_OBJC_MSGSEND = YES;
				ENABLE_USER_SCRIPT_SANDBOXING = YES;
				GCC_C_LANGUAGE_STANDARD = gnu17;
				GCC_NO_COMMON_BLOCKS = YES;
				GCC_WARN_64_TO_32_BIT_CONVERSION = YES;
				GCC_WARN_ABOUT_RETURN_TYPE = YES_ERROR;
				GCC_WARN_UNDECLARED_SELECTOR = YES;
				GCC_WARN_UNINITIALIZED_AUTOS = YES_AGGRESSIVE;
				GCC_WARN_UNUSED_FUNCTION = YES;
				GCC_WARN_UNUSED_VARIABLE = YES;
				LOCALIZATION_PREFERS_STRING_CATALOGS = YES;
				MTL_ENABLE_DEBUG_INFO = NO;
				MTL_FAST_MATH = YES;
				SWIFT_COMPILATION_MODE = wholemodule;
			};
			name = Release;
		};
/* End XCBuildConfiguration section */

/* Begin XCConfigurationList section */
		32A7D8B42B6BAD5600FFBDCE /* Build configuration list for PBXNativeTarget "Workbench" */ = {
			isa = XCConfigurationList;
			buildConfigurations = (
				32A7D8B52B6BAD5600FFBDCE /* Debug */,
				32A7D8B62B6BAD5600FFBDCE /* Release */,
			);
			defaultConfigurationIsVisible = 0;
			defaultConfigurationName = Release;
		};
		32B263012B33A58B00755215 /* Build configuration list for PBXProject "Wonder" */ = {
			isa = XCConfigurationList;
			buildConfigurations = (
				32B263292B33A58E00755215 /* Debug */,
				32B2632A2B33A58E00755215 /* Release */,
			);
			defaultConfigurationIsVisible = 0;
			defaultConfigurationName = Release;
		};
/* End XCConfigurationList section */
	};
	rootObject = 32B262FE2B33A58B00755215 /* Project object */;
}
